
Microsoft Visual Studio Solution File, Format Version 12.00
# Visual Studio 14
VisualStudioVersion = 14.0.25420.1
MinimumVisualStudioVersion = 10.0.40219.1
Project("{CC5FD16D-436D-48AD-A40C-5A424C6E3E79}") = "AzureCloudService2", "AzureCloudService2\AzureCloudService2.ccproj", "{7382D4E6-4107-4135-AE05-FD5C7882654C}"
EndProject
Project("{FAE04EC0-301F-11D3-BF4B-00C04F79EFBC}") = "WebRole1", "WebRole1\WebRole1.csproj", "{9B99687E-F999-4AC8-8A59-B20D5BCE1E9E}"
EndProject
Global
	GlobalSection(SolutionConfigurationPlatforms) = preSolution
		Debug|Any CPU = Debug|Any CPU
		Release|Any CPU = Release|Any CPU
	EndGlobalSection
	GlobalSection(ProjectConfigurationPlatforms) = postSolution
		{7382D4E6-4107-4135-AE05-FD5C7882654C}.Debug|Any CPU.ActiveCfg = Debug|Any CPU
		{7382D4E6-4107-4135-AE05-FD5C7882654C}.Debug|Any CPU.Build.0 = Debug|Any CPU
		{7382D4E6-4107-4135-AE05-FD5C7882654C}.Release|Any CPU.ActiveCfg = Release|Any CPU
		{7382D4E6-4107-4135-AE05-FD5C7882654C}.Release|Any CPU.Build.0 = Release|Any CPU
		{9B99687E-F999-4AC8-8A59-B20D5BCE1E9E}.Debug|Any CPU.ActiveCfg = Debug|Any CPU
		{9B99687E-F999-4AC8-8A59-B20D5BCE1E9E}.Debug|Any CPU.Build.0 = Debug|Any CPU
		{9B99687E-F999-4AC8-8A59-B20D5BCE1E9E}.Release|Any CPU.ActiveCfg = Release|Any CPU
		{9B99687E-F999-4AC8-8A59-B20D5BCE1E9E}.Release|Any CPU.Build.0 = Release|Any CPU
	EndGlobalSection
	GlobalSection(SolutionProperties) = preSolution
		HideSolutionNode = FALSE
	EndGlobalSection
EndGlobal
